// !$*UTF8*$!
{
	archiveVersion = 1;
	classes = {
	};
	objectVersion = 46;
	objects = {

/* Begin PBXBuildFile section */
		2A8EF77D1CB35013001D8A26 /* CatalogController.swift in Sources */ = {isa = PBXBuildFile; fileRef = 2A8EF77C1CB35013001D8A26 /* CatalogController.swift */; };
		2A8EF77F1CB3501E001D8A26 /* NewsController.swift in Sources */ = {isa = PBXBuildFile; fileRef = 2A8EF77E1CB3501E001D8A26 /* NewsController.swift */; };
		2A8EF7811CB3506D001D8A26 /* ReleaseController.swift in Sources */ = {isa = PBXBuildFile; fileRef = 2A8EF7801CB3506D001D8A26 /* ReleaseController.swift */; };
		2A8EF7831CB350A4001D8A26 /* ShoeController.swift in Sources */ = {isa = PBXBuildFile; fileRef = 2A8EF7821CB350A4001D8A26 /* ShoeController.swift */; };
		2A8EF7851CB3510F001D8A26 /* SettingsController.swift in Sources */ = {isa = PBXBuildFile; fileRef = 2A8EF7841CB3510F001D8A26 /* SettingsController.swift */; };
		2A8EF7871CB35122001D8A26 /* ClothingController.swift in Sources */ = {isa = PBXBuildFile; fileRef = 2A8EF7861CB35122001D8A26 /* ClothingController.swift */; };
		2A9156281CB605E500B3570C /* Enum.swift in Sources */ = {isa = PBXBuildFile; fileRef = 2A9156241CB605E500B3570C /* Enum.swift */; };
		2A9156291CB605E500B3570C /* FontAwesome.otf in Resources */ = {isa = PBXBuildFile; fileRef = 2A9156261CB605E500B3570C /* FontAwesome.otf */; };
		2A91562A1CB605E500B3570C /* FontAwesome.swift in Sources */ = {isa = PBXBuildFile; fileRef = 2A9156271CB605E500B3570C /* FontAwesome.swift */; };
		2A91562D1CB609C000B3570C /* HeaderView.swift in Sources */ = {isa = PBXBuildFile; fileRef = 2A91562C1CB609C000B3570C /* HeaderView.swift */; };
		2A9156301CB60A5F00B3570C /* Configuration.swift in Sources */ = {isa = PBXBuildFile; fileRef = 2A91562F1CB60A5F00B3570C /* Configuration.swift */; };
		2A9156321CB7464700B3570C /* construction.png in Resources */ = {isa = PBXBuildFile; fileRef = 2A9156311CB7464700B3570C /* construction.png */; };
		2AA95C221CB4AB7700B66C7E /* UIColor.swift in Sources */ = {isa = PBXBuildFile; fileRef = 2AA95C211CB4AB7700B66C7E /* UIColor.swift */; };
		2AD2E4911CB864070036F493 /* CatalogCell.swift in Sources */ = {isa = PBXBuildFile; fileRef = 2AD2E4901CB864070036F493 /* CatalogCell.swift */; };
		B651C3B71CB945560041DF2C /* NewsCell.swift in Sources */ = {isa = PBXBuildFile; fileRef = B651C3B61CB945560041DF2C /* NewsCell.swift */; };
		B651C3BD1CB94A2B0041DF2C /* Article.swift in Sources */ = {isa = PBXBuildFile; fileRef = B651C3BC1CB94A2B0041DF2C /* Article.swift */; };
		B651C3C11CB9600B0041DF2C /* shoes3.jpg in Resources */ = {isa = PBXBuildFile; fileRef = B651C3BE1CB9600B0041DF2C /* shoes3.jpg */; };
		B651C3C21CB9600B0041DF2C /* shoes2.jpg in Resources */ = {isa = PBXBuildFile; fileRef = B651C3BF1CB9600B0041DF2C /* shoes2.jpg */; };
		B651C3C31CB9600B0041DF2C /* shoes1.jpg in Resources */ = {isa = PBXBuildFile; fileRef = B651C3C01CB9600B0041DF2C /* shoes1.jpg */; };
		B69D23B61CB96FC200227272 /* NavigationController.swift in Sources */ = {isa = PBXBuildFile; fileRef = B69D23B51CB96FC200227272 /* NavigationController.swift */; };
		B69D23B81CB9F22600227272 /* shoes4.jpg in Resources */ = {isa = PBXBuildFile; fileRef = B69D23B71CB9F22600227272 /* shoes4.jpg */; };
		B6BF753B1CAE050D0002C477 /* AppDelegate.swift in Sources */ = {isa = PBXBuildFile; fileRef = B6BF753A1CAE050D0002C477 /* AppDelegate.swift */; };
		B6BF75421CAE050D0002C477 /* Main.storyboard in Resources */ = {isa = PBXBuildFile; fileRef = B6BF75401CAE050D0002C477 /* Main.storyboard */; };
		B6BF75441CAE050D0002C477 /* Assets.xcassets in Resources */ = {isa = PBXBuildFile; fileRef = B6BF75431CAE050D0002C477 /* Assets.xcassets */; };
		B6BF75471CAE050D0002C477 /* LaunchScreen.storyboard in Resources */ = {isa = PBXBuildFile; fileRef = B6BF75451CAE050D0002C477 /* LaunchScreen.storyboard */; };
/* End PBXBuildFile section */

/* Begin PBXFileReference section */
		2A8EF77C1CB35013001D8A26 /* CatalogController.swift */ = {isa = PBXFileReference; fileEncoding = 4; lastKnownFileType = sourcecode.swift; path = CatalogController.swift; sourceTree = "<group>"; };
		2A8EF77E1CB3501E001D8A26 /* NewsController.swift */ = {isa = PBXFileReference; fileEncoding = 4; lastKnownFileType = sourcecode.swift; path = NewsController.swift; sourceTree = "<group>"; };
		2A8EF7801CB3506D001D8A26 /* ReleaseController.swift */ = {isa = PBXFileReference; fileEncoding = 4; lastKnownFileType = sourcecode.swift; path = ReleaseController.swift; sourceTree = "<group>"; };
		2A8EF7821CB350A4001D8A26 /* ShoeController.swift */ = {isa = PBXFileReference; fileEncoding = 4; lastKnownFileType = sourcecode.swift; path = ShoeController.swift; sourceTree = "<group>"; };
		2A8EF7841CB3510F001D8A26 /* SettingsController.swift */ = {isa = PBXFileReference; fileEncoding = 4; lastKnownFileType = sourcecode.swift; path = SettingsController.swift; sourceTree = "<group>"; };
		2A8EF7861CB35122001D8A26 /* ClothingController.swift */ = {isa = PBXFileReference; fileEncoding = 4; lastKnownFileType = sourcecode.swift; path = ClothingController.swift; sourceTree = "<group>"; };
		2A9156241CB605E500B3570C /* Enum.swift */ = {isa = PBXFileReference; fileEncoding = 4; lastKnownFileType = sourcecode.swift; path = Enum.swift; sourceTree = "<group>"; };
		2A9156251CB605E500B3570C /* FontAwesome.h */ = {isa = PBXFileReference; fileEncoding = 4; lastKnownFileType = sourcecode.c.h; path = FontAwesome.h; sourceTree = "<group>"; };
		2A9156261CB605E500B3570C /* FontAwesome.otf */ = {isa = PBXFileReference; lastKnownFileType = file; path = FontAwesome.otf; sourceTree = "<group>"; };
		2A9156271CB605E500B3570C /* FontAwesome.swift */ = {isa = PBXFileReference; fileEncoding = 4; lastKnownFileType = sourcecode.swift; path = FontAwesome.swift; sourceTree = "<group>"; };
		2A91562C1CB609C000B3570C /* HeaderView.swift */ = {isa = PBXFileReference; fileEncoding = 4; lastKnownFileType = sourcecode.swift; path = HeaderView.swift; sourceTree = "<group>"; };
		2A91562F1CB60A5F00B3570C /* Configuration.swift */ = {isa = PBXFileReference; fileEncoding = 4; lastKnownFileType = sourcecode.swift; path = Configuration.swift; sourceTree = "<group>"; };
		2A9156311CB7464700B3570C /* construction.png */ = {isa = PBXFileReference; lastKnownFileType = image.png; name = construction.png; path = Images/construction.png; sourceTree = "<group>"; };
		2AA95C211CB4AB7700B66C7E /* UIColor.swift */ = {isa = PBXFileReference; fileEncoding = 4; lastKnownFileType = sourcecode.swift; path = UIColor.swift; sourceTree = "<group>"; };
		2AD2E4901CB864070036F493 /* CatalogCell.swift */ = {isa = PBXFileReference; fileEncoding = 4; lastKnownFileType = sourcecode.swift; path = CatalogCell.swift; sourceTree = "<group>"; };
		B651C3B61CB945560041DF2C /* NewsCell.swift */ = {isa = PBXFileReference; fileEncoding = 4; lastKnownFileType = sourcecode.swift; path = NewsCell.swift; sourceTree = "<group>"; };
		B651C3BC1CB94A2B0041DF2C /* Article.swift */ = {isa = PBXFileReference; fileEncoding = 4; lastKnownFileType = sourcecode.swift; path = Article.swift; sourceTree = "<group>"; };
		B651C3BE1CB9600B0041DF2C /* shoes3.jpg */ = {isa = PBXFileReference; lastKnownFileType = image.jpeg; path = shoes3.jpg; sourceTree = "<group>"; };
		B651C3BF1CB9600B0041DF2C /* shoes2.jpg */ = {isa = PBXFileReference; lastKnownFileType = image.jpeg; path = shoes2.jpg; sourceTree = "<group>"; };
		B651C3C01CB9600B0041DF2C /* shoes1.jpg */ = {isa = PBXFileReference; lastKnownFileType = image.jpeg; path = shoes1.jpg; sourceTree = "<group>"; };
		B69D23B51CB96FC200227272 /* NavigationController.swift */ = {isa = PBXFileReference; fileEncoding = 4; lastKnownFileType = sourcecode.swift; path = NavigationController.swift; sourceTree = "<group>"; };
		B69D23B71CB9F22600227272 /* shoes4.jpg */ = {isa = PBXFileReference; lastKnownFileType = image.jpeg; path = shoes4.jpg; sourceTree = "<group>"; };
		B6BF75371CAE050D0002C477 /* Foamlife.app */ = {isa = PBXFileReference; explicitFileType = wrapper.application; includeInIndex = 0; path = Foamlife.app; sourceTree = BUILT_PRODUCTS_DIR; };
		B6BF753A1CAE050D0002C477 /* AppDelegate.swift */ = {isa = PBXFileReference; lastKnownFileType = sourcecode.swift; path = AppDelegate.swift; sourceTree = "<group>"; };
		B6BF75411CAE050D0002C477 /* Base */ = {isa = PBXFileReference; lastKnownFileType = file.storyboard; name = Base; path = Base.lproj/Main.storyboard; sourceTree = "<group>"; };
		B6BF75431CAE050D0002C477 /* Assets.xcassets */ = {isa = PBXFileReference; lastKnownFileType = folder.assetcatalog; path = Assets.xcassets; sourceTree = "<group>"; };
		B6BF75461CAE050D0002C477 /* Base */ = {isa = PBXFileReference; lastKnownFileType = file.storyboard; name = Base; path = Base.lproj/LaunchScreen.storyboard; sourceTree = "<group>"; };
		B6BF75481CAE050D0002C477 /* Info.plist */ = {isa = PBXFileReference; lastKnownFileType = text.plist.xml; path = Info.plist; sourceTree = "<group>"; };
/* End PBXFileReference section */

/* Begin PBXFrameworksBuildPhase section */
		B6BF75341CAE050D0002C477 /* Frameworks */ = {
			isa = PBXFrameworksBuildPhase;
			buildActionMask = 2147483647;
			files = (
			);
			runOnlyForDeploymentPostprocessing = 0;
		};
/* End PBXFrameworksBuildPhase section */

/* Begin PBXGroup section */
		2A8EF77A1CB34890001D8A26 /* Images */ = {
			isa = PBXGroup;
			children = (
				B69D23B71CB9F22600227272 /* shoes4.jpg */,
				B651C3BE1CB9600B0041DF2C /* shoes3.jpg */,
				B651C3BF1CB9600B0041DF2C /* shoes2.jpg */,
				B651C3C01CB9600B0041DF2C /* shoes1.jpg */,
				2A9156311CB7464700B3570C /* construction.png */,
			);
			name = Images;
			sourceTree = "<group>";
		};
		2A8EF77B1CB349D0001D8A26 /* Controllers */ = {
			isa = PBXGroup;
			children = (
				2A8EF77C1CB35013001D8A26 /* CatalogController.swift */,
				2A8EF77E1CB3501E001D8A26 /* NewsController.swift */,
				2A8EF7801CB3506D001D8A26 /* ReleaseController.swift */,
				2A8EF7821CB350A4001D8A26 /* ShoeController.swift */,
				2A8EF7841CB3510F001D8A26 /* SettingsController.swift */,
				2A8EF7861CB35122001D8A26 /* ClothingController.swift */,
				B69D23B51CB96FC200227272 /* NavigationController.swift */,
			);
			name = Controllers;
			sourceTree = "<group>";
		};
		2A9156221CB605E500B3570C /* Frameworks */ = {
			isa = PBXGroup;
			children = (
				2A9156231CB605E500B3570C /* FontAwesome */,
			);
			path = Frameworks;
			sourceTree = "<group>";
		};
		2A9156231CB605E500B3570C /* FontAwesome */ = {
			isa = PBXGroup;
			children = (
				2A9156241CB605E500B3570C /* Enum.swift */,
				2A9156251CB605E500B3570C /* FontAwesome.h */,
				2A9156261CB605E500B3570C /* FontAwesome.otf */,
				2A9156271CB605E500B3570C /* FontAwesome.swift */,
			);
			path = FontAwesome;
			sourceTree = "<group>";
		};
		2A91562B1CB6099300B3570C /* Views */ = {
			isa = PBXGroup;
			children = (
				2A91562C1CB609C000B3570C /* HeaderView.swift */,
			);
			name = Views;
			sourceTree = "<group>";
		};
		2A91562E1CB60A4800B3570C /* Libraries */ = {
			isa = PBXGroup;
			children = (
				2A91562F1CB60A5F00B3570C /* Configuration.swift */,
				B651C3BC1CB94A2B0041DF2C /* Article.swift */,
			);
			name = Libraries;
			sourceTree = "<group>";
		};
		2AA95C201CB4AB7700B66C7E /* Extensions */ = {
			isa = PBXGroup;
			children = (
				2AA95C211CB4AB7700B66C7E /* UIColor.swift */,
			);
			path = Extensions;
			sourceTree = "<group>";
		};
		2AD2E48D1CB8628B0036F493 /* Cells */ = {
			isa = PBXGroup;
			children = (
				2AD2E4901CB864070036F493 /* CatalogCell.swift */,
				B651C3B61CB945560041DF2C /* NewsCell.swift */,
			);
			name = Cells;
			sourceTree = "<group>";
		};
		B6BF752E1CAE050D0002C477 = {
			isa = PBXGroup;
			children = (
				B6BF75391CAE050D0002C477 /* Foamlife */,
				B6BF75381CAE050D0002C477 /* Products */,
			);
			sourceTree = "<group>";
		};
		B6BF75381CAE050D0002C477 /* Products */ = {
			isa = PBXGroup;
			children = (
				B6BF75371CAE050D0002C477 /* Foamlife.app */,
			);
			name = Products;
			sourceTree = "<group>";
		};
		B6BF75391CAE050D0002C477 /* Foamlife */ = {
			isa = PBXGroup;
			children = (
				2AD2E48D1CB8628B0036F493 /* Cells */,
				2A91562E1CB60A4800B3570C /* Libraries */,
				2A91562B1CB6099300B3570C /* Views */,
				2A9156221CB605E500B3570C /* Frameworks */,
				2AA95C201CB4AB7700B66C7E /* Extensions */,
				2A8EF77B1CB349D0001D8A26 /* Controllers */,
				2A8EF77A1CB34890001D8A26 /* Images */,
				B6BF753A1CAE050D0002C477 /* AppDelegate.swift */,
				B6BF75401CAE050D0002C477 /* Main.storyboard */,
				B6BF75431CAE050D0002C477 /* Assets.xcassets */,
				B6BF75451CAE050D0002C477 /* LaunchScreen.storyboard */,
				B6BF75481CAE050D0002C477 /* Info.plist */,
			);
			path = Foamlife;
			sourceTree = "<group>";
		};
/* End PBXGroup section */

/* Begin PBXNativeTarget section */
		B6BF75361CAE050D0002C477 /* Foamlife */ = {
			isa = PBXNativeTarget;
			buildConfigurationList = B6BF754B1CAE050D0002C477 /* Build configuration list for PBXNativeTarget "Foamlife" */;
			buildPhases = (
				B6BF75331CAE050D0002C477 /* Sources */,
				B6BF75341CAE050D0002C477 /* Frameworks */,
				B6BF75351CAE050D0002C477 /* Resources */,
			);
			buildRules = (
			);
			dependencies = (
			);
			name = Foamlife;
			productName = Foamlife;
			productReference = B6BF75371CAE050D0002C477 /* Foamlife.app */;
			productType = "com.apple.product-type.application";
		};
/* End PBXNativeTarget section */

/* Begin PBXProject section */
		B6BF752F1CAE050D0002C477 /* Project object */ = {
			isa = PBXProject;
			attributes = {
				LastSwiftUpdateCheck = 0720;
				LastUpgradeCheck = 0720;
				ORGANIZATIONNAME = "Wave Link, LLC";
				TargetAttributes = {
					B6BF75361CAE050D0002C477 = {
						CreatedOnToolsVersion = 7.2.1;
						DevelopmentTeam = HCQ2A438C7;
					};
				};
			};
			buildConfigurationList = B6BF75321CAE050D0002C477 /* Build configuration list for PBXProject "Foamlife" */;
			compatibilityVersion = "Xcode 3.2";
			developmentRegion = English;
			hasScannedForEncodings = 0;
			knownRegions = (
				en,
				Base,
			);
			mainGroup = B6BF752E1CAE050D0002C477;
			productRefGroup = B6BF75381CAE050D0002C477 /* Products */;
			projectDirPath = "";
			projectRoot = "";
			targets = (
				B6BF75361CAE050D0002C477 /* Foamlife */,
			);
		};
/* End PBXProject section */

/* Begin PBXResourcesBuildPhase section */
		B6BF75351CAE050D0002C477 /* Resources */ = {
			isa = PBXResourcesBuildPhase;
			buildActionMask = 2147483647;
			files = (
				2A9156321CB7464700B3570C /* construction.png in Resources */,
				B6BF75471CAE050D0002C477 /* LaunchScreen.storyboard in Resources */,
				2A9156291CB605E500B3570C /* FontAwesome.otf in Resources */,
				B69D23B81CB9F22600227272 /* shoes4.jpg in Resources */,
				B6BF75441CAE050D0002C477 /* Assets.xcassets in Resources */,
				B651C3C31CB9600B0041DF2C /* shoes1.jpg in Resources */,
				B651C3C11CB9600B0041DF2C /* shoes3.jpg in Resources */,
				B6BF75421CAE050D0002C477 /* Main.storyboard in Resources */,
				B651C3C21CB9600B0041DF2C /* shoes2.jpg in Resources */,
			);
			runOnlyForDeploymentPostprocessing = 0;
		};
/* End PBXResourcesBuildPhase section */

/* Begin PBXSourcesBuildPhase section */
		B6BF75331CAE050D0002C477 /* Sources */ = {
			isa = PBXSourcesBuildPhase;
			buildActionMask = 2147483647;
			files = (
				2AD2E4911CB864070036F493 /* CatalogCell.swift in Sources */,
				2A91562A1CB605E500B3570C /* FontAwesome.swift in Sources */,
				2A8EF7851CB3510F001D8A26 /* SettingsController.swift in Sources */,
				2A8EF77D1CB35013001D8A26 /* CatalogController.swift in Sources */,
				B6BF753B1CAE050D0002C477 /* AppDelegate.swift in Sources */,
				2A8EF77F1CB3501E001D8A26 /* NewsController.swift in Sources */,
				2A8EF7811CB3506D001D8A26 /* ReleaseController.swift in Sources */,
				2A9156301CB60A5F00B3570C /* Configuration.swift in Sources */,
				2A9156281CB605E500B3570C /* Enum.swift in Sources */,
				B69D23B61CB96FC200227272 /* NavigationController.swift in Sources */,
				2A91562D1CB609C000B3570C /* HeaderView.swift in Sources */,
				B651C3B71CB945560041DF2C /* NewsCell.swift in Sources */,
				2AA95C221CB4AB7700B66C7E /* UIColor.swift in Sources */,
				2A8EF7831CB350A4001D8A26 /* ShoeController.swift in Sources */,
				2A8EF7871CB35122001D8A26 /* ClothingController.swift in Sources */,
				B651C3BD1CB94A2B0041DF2C /* Article.swift in Sources */,
			);
			runOnlyForDeploymentPostprocessing = 0;
		};
/* End PBXSourcesBuildPhase section */

/* Begin PBXVariantGroup section */
		B6BF75401CAE050D0002C477 /* Main.storyboard */ = {
			isa = PBXVariantGroup;
			children = (
				B6BF75411CAE050D0002C477 /* Base */,
			);
			name = Main.storyboard;
			sourceTree = "<group>";
		};
		B6BF75451CAE050D0002C477 /* LaunchScreen.storyboard */ = {
			isa = PBXVariantGroup;
			children = (
				B6BF75461CAE050D0002C477 /* Base */,
			);
			name = LaunchScreen.storyboard;
			sourceTree = "<group>";
		};
/* End PBXVariantGroup section */

/* Begin XCBuildConfiguration section */
		B6BF75491CAE050D0002C477 /* Debug */ = {
			isa = XCBuildConfiguration;
			buildSettings = {
				ALWAYS_SEARCH_USER_PATHS = NO;
				CLANG_CXX_LANGUAGE_STANDARD = "gnu++0x";
				CLANG_CXX_LIBRARY = "libc++";
				CLANG_ENABLE_MODULES = YES;
				CLANG_ENABLE_OBJC_ARC = YES;
				CLANG_WARN_BOOL_CONVERSION = YES;
				CLANG_WARN_CONSTANT_CONVERSION = YES;
				CLANG_WARN_DIRECT_OBJC_ISA_USAGE = YES_ERROR;
				CLANG_WARN_EMPTY_BODY = YES;
				CLANG_WARN_ENUM_CONVERSION = YES;
				CLANG_WARN_INT_CONVERSION = YES;
				CLANG_WARN_OBJC_ROOT_CLASS = YES_ERROR;
				CLANG_WARN_UNREACHABLE_CODE = YES;
				CLANG_WARN__DUPLICATE_METHOD_MATCH = YES;
				"CODE_SIGN_IDENTITY[sdk=iphoneos*]" = "iPhone Developer";
				COPY_PHASE_STRIP = NO;
				DEBUG_INFORMATION_FORMAT = dwarf;
				ENABLE_STRICT_OBJC_MSGSEND = YES;
				ENABLE_TESTABILITY = YES;
				GCC_C_LANGUAGE_STANDARD = gnu99;
				GCC_DYNAMIC_NO_PIC = NO;
				GCC_NO_COMMON_BLOCKS = YES;
				GCC_OPTIMIZATION_LEVEL = 0;
				GCC_PREPROCESSOR_DEFINITIONS = (
					"DEBUG=1",
					"$(inherited)",
				);
				GCC_WARN_64_TO_32_BIT_CONVERSION = YES;
				GCC_WARN_ABOUT_RETURN_TYPE = YES_ERROR;
				GCC_WARN_UNDECLARED_SELECTOR = YES;
				GCC_WARN_UNINITIALIZED_AUTOS = YES_AGGRESSIVE;
				GCC_WARN_UNUSED_FUNCTION = YES;
				GCC_WARN_UNUSED_VARIABLE = YES;
				IPHONEOS_DEPLOYMENT_TARGET = 9.2;
				MTL_ENABLE_DEBUG_INFO = YES;
				ONLY_ACTIVE_ARCH = YES;
				SDKROOT = iphoneos;
				SWIFT_OPTIMIZATION_LEVEL = "-Onone";
				TARGETED_DEVICE_FAMILY = "1,2";
			};
			name = Debug;
		};
		B6BF754A1CAE050D0002C477 /* Release */ = {
			isa = XCBuildConfiguration;
			buildSettings = {
				ALWAYS_SEARCH_USER_PATHS = NO;
				CLANG_CXX_LANGUAGE_STANDARD = "gnu++0x";
				CLANG_CXX_LIBRARY = "libc++";
				CLANG_ENABLE_MODULES = YES;
				CLANG_ENABLE_OBJC_ARC = YES;
				CLANG_WARN_BOOL_CONVERSION = YES;
				CLANG_WARN_CONSTANT_CONVERSION = YES;
				CLANG_WARN_DIRECT_OBJC_ISA_USAGE = YES_ERROR;
				CLANG_WARN_EMPTY_BODY = YES;
				CLANG_WARN_ENUM_CONVERSION = YES;
				CLANG_WARN_INT_CONVERSION = YES;
				CLANG_WARN_OBJC_ROOT_CLASS = YES_ERROR;
				CLANG_WARN_UNREACHABLE_CODE = YES;
				CLANG_WARN__DUPLICATE_METHOD_MATCH = YES;
				"CODE_SIGN_IDENTITY[sdk=iphoneos*]" = "iPhone Developer";
				COPY_PHASE_STRIP = NO;
				DEBUG_INFORMATION_FORMAT = "dwarf-with-dsym";
				ENABLE_NS_ASSERTIONS = NO;
				ENABLE_STRICT_OBJC_MSGSEND = YES;
				GCC_C_LANGUAGE_STANDARD = gnu99;
				GCC_NO_COMMON_BLOCKS = YES;
				GCC_WARN_64_TO_32_BIT_CONVERSION = YES;
				GCC_WARN_ABOUT_RETURN_TYPE = YES_ERROR;
				GCC_WARN_UNDECLARED_SELECTOR = YES;
				GCC_WARN_UNINITIALIZED_AUTOS = YES_AGGRESSIVE;
				GCC_WARN_UNUSED_FUNCTION = YES;
				GCC_WARN_UNUSED_VARIABLE = YES;
				IPHONEOS_DEPLOYMENT_TARGET = 9.2;
				MTL_ENABLE_DEBUG_INFO = NO;
				SDKROOT = iphoneos;
				TARGETED_DEVICE_FAMILY = "1,2";
				VALIDATE_PRODUCT = YES;
			};
			name = Release;
		};
		B6BF754C1CAE050D0002C477 /* Debug */ = {
			isa = XCBuildConfiguration;
			buildSettings = {
				ASSETCATALOG_COMPILER_APPICON_NAME = AppIcon;
				CODE_SIGN_IDENTITY = "iPhone Developer";
				INFOPLIST_FILE = Foamlife/Info.plist;
				IPHONEOS_DEPLOYMENT_TARGET = 8.0;
				LD_RUNPATH_SEARCH_PATHS = "$(inherited) @executable_path/Frameworks";
				PRODUCT_BUNDLE_IDENTIFIER = wavelinkllc.Foamlife;
				PRODUCT_NAME = "$(TARGET_NAME)";
			};
			name = Debug;
		};
		B6BF754D1CAE050D0002C477 /* Release */ = {
			isa = XCBuildConfiguration;
			buildSettings = {
				ASSETCATALOG_COMPILER_APPICON_NAME = AppIcon;
				CODE_SIGN_IDENTITY = "iPhone Developer";
				INFOPLIST_FILE = Foamlife/Info.plist;
				IPHONEOS_DEPLOYMENT_TARGET = 8.0;
				LD_RUNPATH_SEARCH_PATHS = "$(inherited) @executable_path/Frameworks";
				PRODUCT_BUNDLE_IDENTIFIER = wavelinkllc.Foamlife;
				PRODUCT_NAME = "$(TARGET_NAME)";
			};
			name = Release;
		};
/* End XCBuildConfiguration section */

/* Begin XCConfigurationList section */
		B6BF75321CAE050D0002C477 /* Build configuration list for PBXProject "Foamlife" */ = {
			isa = XCConfigurationList;
			buildConfigurations = (
				B6BF75491CAE050D0002C477 /* Debug */,
				B6BF754A1CAE050D0002C477 /* Release */,
			);
			defaultConfigurationIsVisible = 0;
			defaultConfigurationName = Release;
		};
		B6BF754B1CAE050D0002C477 /* Build configuration list for PBXNativeTarget "Foamlife" */ = {
			isa = XCConfigurationList;
			buildConfigurations = (
				B6BF754C1CAE050D0002C477 /* Debug */,
				B6BF754D1CAE050D0002C477 /* Release */,
			);
			defaultConfigurationIsVisible = 0;
			defaultConfigurationName = Release;
		};
/* End XCConfigurationList section */
	};
	rootObject = B6BF752F1CAE050D0002C477 /* Project object */;
}
